// !$*UTF8*$!
{
	archiveVersion = 1;
	classes = {
	};
	objectVersion = 55;
	objects = {

/* Begin PBXBuildFile section */
		015811AA286C538E00E0C28B /* AppDelegate.swift in Sources */ = {isa = PBXBuildFile; fileRef = 015811A9286C538E00E0C28B /* AppDelegate.swift */; };
		015811AC286C538E00E0C28B /* SceneDelegate.swift in Sources */ = {isa = PBXBuildFile; fileRef = 015811AB286C538E00E0C28B /* SceneDelegate.swift */; };
		015811B1286C538E00E0C28B /* Main.storyboard in Resources */ = {isa = PBXBuildFile; fileRef = 015811AF286C538E00E0C28B /* Main.storyboard */; };
		015811B3286C538F00E0C28B /* Assets.xcassets in Resources */ = {isa = PBXBuildFile; fileRef = 015811B2286C538F00E0C28B /* Assets.xcassets */; };
		015811B6286C538F00E0C28B /* LaunchScreen.storyboard in Resources */ = {isa = PBXBuildFile; fileRef = 015811B4286C538F00E0C28B /* LaunchScreen.storyboard */; };
		0158C8DE286C544A002F7FC6 /* NetworkRouter.swift in Sources */ = {isa = PBXBuildFile; fileRef = 0158C8D9286C544A002F7FC6 /* NetworkRouter.swift */; };
		0158C8DF286C544A002F7FC6 /* RetrieInterceptor.swift in Sources */ = {isa = PBXBuildFile; fileRef = 0158C8DA286C544A002F7FC6 /* RetrieInterceptor.swift */; };
		0158C8E0286C544A002F7FC6 /* APIClient.swift in Sources */ = {isa = PBXBuildFile; fileRef = 0158C8DB286C544A002F7FC6 /* APIClient.swift */; };
		0158C8E1286C544A002F7FC6 /* MimeType.swift in Sources */ = {isa = PBXBuildFile; fileRef = 0158C8DC286C544A002F7FC6 /* MimeType.swift */; };
		0158C8E2286C544A002F7FC6 /* ClientError.swift in Sources */ = {isa = PBXBuildFile; fileRef = 0158C8DD286C544A002F7FC6 /* ClientError.swift */; };
		0158C8ED286CE9E0002F7FC6 /* Photos.swift in Sources */ = {isa = PBXBuildFile; fileRef = 0158C8EA286CE9E0002F7FC6 /* Photos.swift */; };
		0158C8EE286CE9E0002F7FC6 /* FlickrDataModel.swift in Sources */ = {isa = PBXBuildFile; fileRef = 0158C8EB286CE9E0002F7FC6 /* FlickrDataModel.swift */; };
		0158C8EF286CE9E0002F7FC6 /* Photo.swift in Sources */ = {isa = PBXBuildFile; fileRef = 0158C8EC286CE9E0002F7FC6 /* Photo.swift */; };
		0158C8F3286CEA33002F7FC6 /* FlickrServices.swift in Sources */ = {isa = PBXBuildFile; fileRef = 0158C8F2286CEA33002F7FC6 /* FlickrServices.swift */; };
		0158C8F5286CEA40002F7FC6 /* FlickrRepositories.swift in Sources */ = {isa = PBXBuildFile; fileRef = 0158C8F4286CEA40002F7FC6 /* FlickrRepositories.swift */; };
		0158C8F8286CEA75002F7FC6 /* Constants.swift in Sources */ = {isa = PBXBuildFile; fileRef = 0158C8F7286CEA75002F7FC6 /* Constants.swift */; };
		0158C8FF286CEDD5002F7FC6 /* FlickrViewModel.swift in Sources */ = {isa = PBXBuildFile; fileRef = 0158C8FE286CEDD5002F7FC6 /* FlickrViewModel.swift */; };
		0158C902286CF394002F7FC6 /* BaseViewController.swift in Sources */ = {isa = PBXBuildFile; fileRef = 0158C901286CF394002F7FC6 /* BaseViewController.swift */; };
		0158C904286CF42B002F7FC6 /* UIViewController.swift in Sources */ = {isa = PBXBuildFile; fileRef = 0158C903286CF42B002F7FC6 /* UIViewController.swift */; };
		0158C906286CF45D002F7FC6 /* UIView.swift in Sources */ = {isa = PBXBuildFile; fileRef = 0158C905286CF45D002F7FC6 /* UIView.swift */; };
		0158C90A286CF494002F7FC6 /* ImageDetail.storyboard in Resources */ = {isa = PBXBuildFile; fileRef = 0158C909286CF494002F7FC6 /* ImageDetail.storyboard */; };
		0158C90D286CF4AB002F7FC6 /* ImageDetailViewController.swift in Sources */ = {isa = PBXBuildFile; fileRef = 0158C90C286CF4AB002F7FC6 /* ImageDetailViewController.swift */; };
		0158C90F286CF4D3002F7FC6 /* FlickrCollectionViewController.swift in Sources */ = {isa = PBXBuildFile; fileRef = 0158C90E286CF4D3002F7FC6 /* FlickrCollectionViewController.swift */; };
		C6637A15F87E8D68E2E0D97F /* Pods_Flickrify.framework in Frameworks */ = {isa = PBXBuildFile; fileRef = 0581F137CEF9D287707070EB /* Pods_Flickrify.framework */; };
/* End PBXBuildFile section */

/* Begin PBXFileReference section */
		015811A6286C538E00E0C28B /* Flickrify.app */ = {isa = PBXFileReference; explicitFileType = wrapper.application; includeInIndex = 0; path = Flickrify.app; sourceTree = BUILT_PRODUCTS_DIR; };
		015811A9286C538E00E0C28B /* AppDelegate.swift */ = {isa = PBXFileReference; lastKnownFileType = sourcecode.swift; path = AppDelegate.swift; sourceTree = "<group>"; };
		015811AB286C538E00E0C28B /* SceneDelegate.swift */ = {isa = PBXFileReference; lastKnownFileType = sourcecode.swift; path = SceneDelegate.swift; sourceTree = "<group>"; };
		015811B0286C538E00E0C28B /* Base */ = {isa = PBXFileReference; lastKnownFileType = file.storyboard; name = Base; path = Base.lproj/Main.storyboard; sourceTree = "<group>"; };
		015811B2286C538F00E0C28B /* Assets.xcassets */ = {isa = PBXFileReference; lastKnownFileType = folder.assetcatalog; path = Assets.xcassets; sourceTree = "<group>"; };
		015811B5286C538F00E0C28B /* Base */ = {isa = PBXFileReference; lastKnownFileType = file.storyboard; name = Base; path = Base.lproj/LaunchScreen.storyboard; sourceTree = "<group>"; };
		015811B7286C538F00E0C28B /* Info.plist */ = {isa = PBXFileReference; lastKnownFileType = text.plist.xml; path = Info.plist; sourceTree = "<group>"; };
		0158C8D9286C544A002F7FC6 /* NetworkRouter.swift */ = {isa = PBXFileReference; fileEncoding = 4; lastKnownFileType = sourcecode.swift; path = NetworkRouter.swift; sourceTree = "<group>"; };
		0158C8DA286C544A002F7FC6 /* RetrieInterceptor.swift */ = {isa = PBXFileReference; fileEncoding = 4; lastKnownFileType = sourcecode.swift; path = RetrieInterceptor.swift; sourceTree = "<group>"; };
		0158C8DB286C544A002F7FC6 /* APIClient.swift */ = {isa = PBXFileReference; fileEncoding = 4; lastKnownFileType = sourcecode.swift; path = APIClient.swift; sourceTree = "<group>"; };
		0158C8DC286C544A002F7FC6 /* MimeType.swift */ = {isa = PBXFileReference; fileEncoding = 4; lastKnownFileType = sourcecode.swift; path = MimeType.swift; sourceTree = "<group>"; };
		0158C8DD286C544A002F7FC6 /* ClientError.swift */ = {isa = PBXFileReference; fileEncoding = 4; lastKnownFileType = sourcecode.swift; path = ClientError.swift; sourceTree = "<group>"; };
		0158C8EA286CE9E0002F7FC6 /* Photos.swift */ = {isa = PBXFileReference; fileEncoding = 4; lastKnownFileType = sourcecode.swift; path = Photos.swift; sourceTree = "<group>"; };
		0158C8EB286CE9E0002F7FC6 /* FlickrDataModel.swift */ = {isa = PBXFileReference; fileEncoding = 4; lastKnownFileType = sourcecode.swift; path = FlickrDataModel.swift; sourceTree = "<group>"; };
		0158C8EC286CE9E0002F7FC6 /* Photo.swift */ = {isa = PBXFileReference; fileEncoding = 4; lastKnownFileType = sourcecode.swift; path = Photo.swift; sourceTree = "<group>"; };
		0158C8F2286CEA33002F7FC6 /* FlickrServices.swift */ = {isa = PBXFileReference; lastKnownFileType = sourcecode.swift; path = FlickrServices.swift; sourceTree = "<group>"; };
		0158C8F4286CEA40002F7FC6 /* FlickrRepositories.swift */ = {isa = PBXFileReference; lastKnownFileType = sourcecode.swift; path = FlickrRepositories.swift; sourceTree = "<group>"; };
		0158C8F7286CEA75002F7FC6 /* Constants.swift */ = {isa = PBXFileReference; lastKnownFileType = sourcecode.swift; path = Constants.swift; sourceTree = "<group>"; };
		0158C8FE286CEDD5002F7FC6 /* FlickrViewModel.swift */ = {isa = PBXFileReference; lastKnownFileType = sourcecode.swift; path = FlickrViewModel.swift; sourceTree = "<group>"; };
		0158C901286CF394002F7FC6 /* BaseViewController.swift */ = {isa = PBXFileReference; lastKnownFileType = sourcecode.swift; path = BaseViewController.swift; sourceTree = "<group>"; };
		0158C903286CF42B002F7FC6 /* UIViewController.swift */ = {isa = PBXFileReference; lastKnownFileType = sourcecode.swift; path = UIViewController.swift; sourceTree = "<group>"; };
		0158C905286CF45D002F7FC6 /* UIView.swift */ = {isa = PBXFileReference; lastKnownFileType = sourcecode.swift; path = UIView.swift; sourceTree = "<group>"; };
		0158C909286CF494002F7FC6 /* ImageDetail.storyboard */ = {isa = PBXFileReference; lastKnownFileType = file.storyboard; path = ImageDetail.storyboard; sourceTree = "<group>"; };
		0158C90C286CF4AB002F7FC6 /* ImageDetailViewController.swift */ = {isa = PBXFileReference; lastKnownFileType = sourcecode.swift; path = ImageDetailViewController.swift; sourceTree = "<group>"; };
		0158C90E286CF4D3002F7FC6 /* FlickrCollectionViewController.swift */ = {isa = PBXFileReference; lastKnownFileType = sourcecode.swift; path = FlickrCollectionViewController.swift; sourceTree = "<group>"; };
		0581F137CEF9D287707070EB /* Pods_Flickrify.framework */ = {isa = PBXFileReference; explicitFileType = wrapper.framework; includeInIndex = 0; path = Pods_Flickrify.framework; sourceTree = BUILT_PRODUCTS_DIR; };
		A449AEDDE139B956E34EFFDA /* Pods-Flickrify.debug.xcconfig */ = {isa = PBXFileReference; includeInIndex = 1; lastKnownFileType = text.xcconfig; name = "Pods-Flickrify.debug.xcconfig"; path = "Target Support Files/Pods-Flickrify/Pods-Flickrify.debug.xcconfig"; sourceTree = "<group>"; };
		AF05A592F5D358616A4590FC /* Pods-Flickrify.release.xcconfig */ = {isa = PBXFileReference; includeInIndex = 1; lastKnownFileType = text.xcconfig; name = "Pods-Flickrify.release.xcconfig"; path = "Target Support Files/Pods-Flickrify/Pods-Flickrify.release.xcconfig"; sourceTree = "<group>"; };
/* End PBXFileReference section */

/* Begin PBXFrameworksBuildPhase section */
		015811A3286C538E00E0C28B /* Frameworks */ = {
			isa = PBXFrameworksBuildPhase;
			buildActionMask = 2147483647;
			files = (
				C6637A15F87E8D68E2E0D97F /* Pods_Flickrify.framework in Frameworks */,
			);
			runOnlyForDeploymentPostprocessing = 0;
		};
/* End PBXFrameworksBuildPhase section */

/* Begin PBXGroup section */
		0158119D286C538E00E0C28B = {
			isa = PBXGroup;
			children = (
				015811A8286C538E00E0C28B /* Flickrify */,
				015811A7286C538E00E0C28B /* Products */,
				AF3DE2969F133E2D2AA89C51 /* Pods */,
				DBFA4DB2E2CE88C291541AD2 /* Frameworks */,
			);
			sourceTree = "<group>";
		};
		015811A7286C538E00E0C28B /* Products */ = {
			isa = PBXGroup;
			children = (
				015811A6286C538E00E0C28B /* Flickrify.app */,
			);
			name = Products;
			sourceTree = "<group>";
		};
		015811A8286C538E00E0C28B /* Flickrify */ = {
			isa = PBXGroup;
			children = (
				0158C900286CF385002F7FC6 /* Base */,
				0158C8F6286CEA62002F7FC6 /* Constants */,
				0158C8E8286C551B002F7FC6 /* Models */,
				0158C8E7286C5514002F7FC6 /* Utilities */,
				0158C8E6286C550A002F7FC6 /* Extensions */,
				0158C8E5286C54F1002F7FC6 /* Application */,
				0158C8E4286C54E2002F7FC6 /* Assets */,
				0158C8E3286C54DA002F7FC6 /* Controllers */,
				0158C8D8286C544A002F7FC6 /* Network Layer */,
				015811B7286C538F00E0C28B /* Info.plist */,
			);
			path = Flickrify;
			sourceTree = "<group>";
		};
		0158C8D8286C544A002F7FC6 /* Network Layer */ = {
			isa = PBXGroup;
			children = (
				0158C8F1286CEA23002F7FC6 /* Repositories */,
				0158C8F0286CEA19002F7FC6 /* Services */,
				0158C8D9286C544A002F7FC6 /* NetworkRouter.swift */,
				0158C8DA286C544A002F7FC6 /* RetrieInterceptor.swift */,
				0158C8DB286C544A002F7FC6 /* APIClient.swift */,
				0158C8DC286C544A002F7FC6 /* MimeType.swift */,
				0158C8DD286C544A002F7FC6 /* ClientError.swift */,
			);
			path = "Network Layer";
			sourceTree = "<group>";
		};
		0158C8E3286C54DA002F7FC6 /* Controllers */ = {
			isa = PBXGroup;
			children = (
				0158C907286CF47B002F7FC6 /* Detail */,
				0158C8F9286CED9F002F7FC6 /* Flickr */,
			);
			path = Controllers;
			sourceTree = "<group>";
		};
		0158C8E4286C54E2002F7FC6 /* Assets */ = {
			isa = PBXGroup;
			children = (
				015811B2286C538F00E0C28B /* Assets.xcassets */,
				015811B4286C538F00E0C28B /* LaunchScreen.storyboard */,
			);
			path = Assets;
			sourceTree = "<group>";
		};
		0158C8E5286C54F1002F7FC6 /* Application */ = {
			isa = PBXGroup;
			children = (
				015811A9286C538E00E0C28B /* AppDelegate.swift */,
				015811AB286C538E00E0C28B /* SceneDelegate.swift */,
			);
			path = Application;
			sourceTree = "<group>";
		};
		0158C8E6286C550A002F7FC6 /* Extensions */ = {
			isa = PBXGroup;
			children = (
				0158C903286CF42B002F7FC6 /* UIViewController.swift */,
				0158C905286CF45D002F7FC6 /* UIView.swift */,
			);
			path = Extensions;
			sourceTree = "<group>";
		};
		0158C8E7286C5514002F7FC6 /* Utilities */ = {
			isa = PBXGroup;
			children = (
			);
			path = Utilities;
			sourceTree = "<group>";
		};
		0158C8E8286C551B002F7FC6 /* Models */ = {
			isa = PBXGroup;
			children = (
				0158C8EB286CE9E0002F7FC6 /* FlickrDataModel.swift */,
				0158C8EC286CE9E0002F7FC6 /* Photo.swift */,
				0158C8EA286CE9E0002F7FC6 /* Photos.swift */,
			);
			path = Models;
			sourceTree = "<group>";
		};
		0158C8F0286CEA19002F7FC6 /* Services */ = {
			isa = PBXGroup;
			children = (
				0158C8F2286CEA33002F7FC6 /* FlickrServices.swift */,
			);
			path = Services;
			sourceTree = "<group>";
		};
		0158C8F1286CEA23002F7FC6 /* Repositories */ = {
			isa = PBXGroup;
			children = (
				0158C8F4286CEA40002F7FC6 /* FlickrRepositories.swift */,
			);
			path = Repositories;
			sourceTree = "<group>";
		};
		0158C8F6286CEA62002F7FC6 /* Constants */ = {
			isa = PBXGroup;
			children = (
				0158C8F7286CEA75002F7FC6 /* Constants.swift */,
			);
			path = Constants;
			sourceTree = "<group>";
		};
		0158C8F9286CED9F002F7FC6 /* Flickr */ = {
			isa = PBXGroup;
			children = (
				0158C8FD286CEDBF002F7FC6 /* XIB */,
				0158C8FC286CEDBB002F7FC6 /* UI */,
				0158C8FB286CEDB1002F7FC6 /* ViewController */,
				0158C8FA286CEDA6002F7FC6 /* ViewModel */,
			);
			path = Flickr;
			sourceTree = "<group>";
		};
		0158C8FA286CEDA6002F7FC6 /* ViewModel */ = {
			isa = PBXGroup;
			children = (
				0158C8FE286CEDD5002F7FC6 /* FlickrViewModel.swift */,
			);
			path = ViewModel;
			sourceTree = "<group>";
		};
		0158C8FB286CEDB1002F7FC6 /* ViewController */ = {
			isa = PBXGroup;
			children = (
				0158C90E286CF4D3002F7FC6 /* FlickrCollectionViewController.swift */,
			);
			path = ViewController;
			sourceTree = "<group>";
		};
		0158C8FC286CEDBB002F7FC6 /* UI */ = {
			isa = PBXGroup;
			children = (
				015811AF286C538E00E0C28B /* Main.storyboard */,
			);
			path = UI;
			sourceTree = "<group>";
		};
		0158C8FD286CEDBF002F7FC6 /* XIB */ = {
			isa = PBXGroup;
			children = (
			);
			path = XIB;
			sourceTree = "<group>";
		};
		0158C900286CF385002F7FC6 /* Base */ = {
			isa = PBXGroup;
			children = (
				0158C901286CF394002F7FC6 /* BaseViewController.swift */,
			);
			path = Base;
			sourceTree = "<group>";
		};
		0158C907286CF47B002F7FC6 /* Detail */ = {
			isa = PBXGroup;
			children = (
				0158C90B286CF49A002F7FC6 /* ViewController */,
				0158C908286CF48B002F7FC6 /* UI */,
			);
			path = Detail;
			sourceTree = "<group>";
		};
		0158C908286CF48B002F7FC6 /* UI */ = {
			isa = PBXGroup;
			children = (
				0158C909286CF494002F7FC6 /* ImageDetail.storyboard */,
			);
			path = UI;
			sourceTree = "<group>";
		};
		0158C90B286CF49A002F7FC6 /* ViewController */ = {
			isa = PBXGroup;
			children = (
				0158C90C286CF4AB002F7FC6 /* ImageDetailViewController.swift */,
			);
			path = ViewController;
			sourceTree = "<group>";
		};
		AF3DE2969F133E2D2AA89C51 /* Pods */ = {
			isa = PBXGroup;
			children = (
				A449AEDDE139B956E34EFFDA /* Pods-Flickrify.debug.xcconfig */,
				AF05A592F5D358616A4590FC /* Pods-Flickrify.release.xcconfig */,
			);
			path = Pods;
			sourceTree = "<group>";
		};
		DBFA4DB2E2CE88C291541AD2 /* Frameworks */ = {
			isa = PBXGroup;
			children = (
				0581F137CEF9D287707070EB /* Pods_Flickrify.framework */,
			);
			name = Frameworks;
			sourceTree = "<group>";
		};
/* End PBXGroup section */

/* Begin PBXNativeTarget section */
		015811A5286C538E00E0C28B /* Flickrify */ = {
			isa = PBXNativeTarget;
			buildConfigurationList = 015811BA286C538F00E0C28B /* Build configuration list for PBXNativeTarget "Flickrify" */;
			buildPhases = (
				64AE1EBC568A8A4BF269AD66 /* [CP] Check Pods Manifest.lock */,
				015811A2286C538E00E0C28B /* Sources */,
				015811A3286C538E00E0C28B /* Frameworks */,
				015811A4286C538E00E0C28B /* Resources */,
				5058FB425D3C364FB71BF063 /* [CP] Embed Pods Frameworks */,
			);
			buildRules = (
			);
			dependencies = (
			);
			name = Flickrify;
			productName = Flickrify;
			productReference = 015811A6286C538E00E0C28B /* Flickrify.app */;
			productType = "com.apple.product-type.application";
		};
/* End PBXNativeTarget section */

/* Begin PBXProject section */
		0158119E286C538E00E0C28B /* Project object */ = {
			isa = PBXProject;
			attributes = {
				BuildIndependentTargetsInParallel = 1;
				LastSwiftUpdateCheck = 1340;
				LastUpgradeCheck = 1340;
				TargetAttributes = {
					015811A5286C538E00E0C28B = {
						CreatedOnToolsVersion = 13.4.1;
					};
				};
			};
			buildConfigurationList = 015811A1286C538E00E0C28B /* Build configuration list for PBXProject "Flickrify" */;
			compatibilityVersion = "Xcode 13.0";
			developmentRegion = en;
			hasScannedForEncodings = 0;
			knownRegions = (
				en,
				Base,
			);
			mainGroup = 0158119D286C538E00E0C28B;
			productRefGroup = 015811A7286C538E00E0C28B /* Products */;
			projectDirPath = "";
			projectRoot = "";
			targets = (
				015811A5286C538E00E0C28B /* Flickrify */,
			);
		};
/* End PBXProject section */

/* Begin PBXResourcesBuildPhase section */
		015811A4286C538E00E0C28B /* Resources */ = {
			isa = PBXResourcesBuildPhase;
			buildActionMask = 2147483647;
			files = (
				015811B6286C538F00E0C28B /* LaunchScreen.storyboard in Resources */,
				015811B3286C538F00E0C28B /* Assets.xcassets in Resources */,
				015811B1286C538E00E0C28B /* Main.storyboard in Resources */,
				0158C90A286CF494002F7FC6 /* ImageDetail.storyboard in Resources */,
			);
			runOnlyForDeploymentPostprocessing = 0;
		};
/* End PBXResourcesBuildPhase section */

/* Begin PBXShellScriptBuildPhase section */
		5058FB425D3C364FB71BF063 /* [CP] Embed Pods Frameworks */ = {
			isa = PBXShellScriptBuildPhase;
			buildActionMask = 2147483647;
			files = (
			);
			inputFileListPaths = (
				"${PODS_ROOT}/Target Support Files/Pods-Flickrify/Pods-Flickrify-frameworks-${CONFIGURATION}-input-files.xcfilelist",
			);
			name = "[CP] Embed Pods Frameworks";
			outputFileListPaths = (
				"${PODS_ROOT}/Target Support Files/Pods-Flickrify/Pods-Flickrify-frameworks-${CONFIGURATION}-output-files.xcfilelist",
			);
			runOnlyForDeploymentPostprocessing = 0;
			shellPath = /bin/sh;
			shellScript = "\"${PODS_ROOT}/Target Support Files/Pods-Flickrify/Pods-Flickrify-frameworks.sh\"\n";
			showEnvVarsInLog = 0;
		};
		64AE1EBC568A8A4BF269AD66 /* [CP] Check Pods Manifest.lock */ = {
			isa = PBXShellScriptBuildPhase;
			buildActionMask = 2147483647;
			files = (
			);
			inputFileListPaths = (
			);
			inputPaths = (
				"${PODS_PODFILE_DIR_PATH}/Podfile.lock",
				"${PODS_ROOT}/Manifest.lock",
			);
			name = "[CP] Check Pods Manifest.lock";
			outputFileListPaths = (
			);
			outputPaths = (
				"$(DERIVED_FILE_DIR)/Pods-Flickrify-checkManifestLockResult.txt",
			);
			runOnlyForDeploymentPostprocessing = 0;
			shellPath = /bin/sh;
			shellScript = "diff \"${PODS_PODFILE_DIR_PATH}/Podfile.lock\" \"${PODS_ROOT}/Manifest.lock\" > /dev/null\nif [ $? != 0 ] ; then\n    # print error to STDERR\n    echo \"error: The sandbox is not in sync with the Podfile.lock. Run 'pod install' or update your CocoaPods installation.\" >&2\n    exit 1\nfi\n# This output is used by Xcode 'outputs' to avoid re-running this script phase.\necho \"SUCCESS\" > \"${SCRIPT_OUTPUT_FILE_0}\"\n";
			showEnvVarsInLog = 0;
		};
/* End PBXShellScriptBuildPhase section */

/* Begin PBXSourcesBuildPhase section */
		015811A2286C538E00E0C28B /* Sources */ = {
			isa = PBXSourcesBuildPhase;
			buildActionMask = 2147483647;
			files = (
				0158C8ED286CE9E0002F7FC6 /* Photos.swift in Sources */,
				0158C8F3286CEA33002F7FC6 /* FlickrServices.swift in Sources */,
				0158C8EE286CE9E0002F7FC6 /* FlickrDataModel.swift in Sources */,
				0158C8FF286CEDD5002F7FC6 /* FlickrViewModel.swift in Sources */,
				0158C8E1286C544A002F7FC6 /* MimeType.swift in Sources */,
				0158C8DF286C544A002F7FC6 /* RetrieInterceptor.swift in Sources */,
				0158C8DE286C544A002F7FC6 /* NetworkRouter.swift in Sources */,
				0158C904286CF42B002F7FC6 /* UIViewController.swift in Sources */,
				015811AA286C538E00E0C28B /* AppDelegate.swift in Sources */,
				0158C8F5286CEA40002F7FC6 /* FlickrRepositories.swift in Sources */,
				0158C8EF286CE9E0002F7FC6 /* Photo.swift in Sources */,
				0158C8E2286C544A002F7FC6 /* ClientError.swift in Sources */,
				0158C8F8286CEA75002F7FC6 /* Constants.swift in Sources */,
				0158C902286CF394002F7FC6 /* BaseViewController.swift in Sources */,
				015811AC286C538E00E0C28B /* SceneDelegate.swift in Sources */,
				0158C906286CF45D002F7FC6 /* UIView.swift in Sources */,
				0158C90F286CF4D3002F7FC6 /* FlickrCollectionViewController.swift in Sources */,
				0158C90D286CF4AB002F7FC6 /* ImageDetailViewController.swift in Sources */,
				0158C8E0286C544A002F7FC6 /* APIClient.swift in Sources */,
			);
			runOnlyForDeploymentPostprocessing = 0;
		};
/* End PBXSourcesBuildPhase section */

/* Begin PBXVariantGroup section */
		015811AF286C538E00E0C28B /* Main.storyboard */ = {
			isa = PBXVariantGroup;
			children = (
				015811B0286C538E00E0C28B /* Base */,
			);
			name = Main.storyboard;
			sourceTree = "<group>";
		};
		015811B4286C538F00E0C28B /* LaunchScreen.storyboard */ = {
			isa = PBXVariantGroup;
			children = (
				015811B5286C538F00E0C28B /* Base */,
			);
			name = LaunchScreen.storyboard;
			sourceTree = "<group>";
		};
/* End PBXVariantGroup section */

/* Begin XCBuildConfiguration section */
		015811B8286C538F00E0C28B /* Debug */ = {
			isa = XCBuildConfiguration;
			buildSettings = {
				ALWAYS_SEARCH_USER_PATHS = NO;
				CLANG_ANALYZER_NONNULL = YES;
				CLANG_ANALYZER_NUMBER_OBJECT_CONVERSION = YES_AGGRESSIVE;
				CLANG_CXX_LANGUAGE_STANDARD = "gnu++17";
				CLANG_ENABLE_MODULES = YES;
				CLANG_ENABLE_OBJC_ARC = YES;
				CLANG_ENABLE_OBJC_WEAK = YES;
				CLANG_WARN_BLOCK_CAPTURE_AUTORELEASING = YES;
				CLANG_WARN_BOOL_CONVERSION = YES;
				CLANG_WARN_COMMA = YES;
				CLANG_WARN_CONSTANT_CONVERSION = YES;
				CLANG_WARN_DEPRECATED_OBJC_IMPLEMENTATIONS = YES;
				CLANG_WARN_DIRECT_OBJC_ISA_USAGE = YES_ERROR;
				CLANG_WARN_DOCUMENTATION_COMMENTS = YES;
				CLANG_WARN_EMPTY_BODY = YES;
				CLANG_WARN_ENUM_CONVERSION = YES;
				CLANG_WARN_INFINITE_RECURSION = YES;
				CLANG_WARN_INT_CONVERSION = YES;
				CLANG_WARN_NON_LITERAL_NULL_CONVERSION = YES;
				CLANG_WARN_OBJC_IMPLICIT_RETAIN_SELF = YES;
				CLANG_WARN_OBJC_LITERAL_CONVERSION = YES;
				CLANG_WARN_OBJC_ROOT_CLASS = YES_ERROR;
				CLANG_WARN_QUOTED_INCLUDE_IN_FRAMEWORK_HEADER = YES;
				CLANG_WARN_RANGE_LOOP_ANALYSIS = YES;
				CLANG_WARN_STRICT_PROTOTYPES = YES;
				CLANG_WARN_SUSPICIOUS_MOVE = YES;
				CLANG_WARN_UNGUARDED_AVAILABILITY = YES_AGGRESSIVE;
				CLANG_WARN_UNREACHABLE_CODE = YES;
				CLANG_WARN__DUPLICATE_METHOD_MATCH = YES;
				COPY_PHASE_STRIP = NO;
				DEBUG_INFORMATION_FORMAT = dwarf;
				ENABLE_STRICT_OBJC_MSGSEND = YES;
				ENABLE_TESTABILITY = YES;
				GCC_C_LANGUAGE_STANDARD = gnu11;
				GCC_DYNAMIC_NO_PIC = NO;
				GCC_NO_COMMON_BLOCKS = YES;
				GCC_OPTIMIZATION_LEVEL = 0;
				GCC_PREPROCESSOR_DEFINITIONS = (
					"DEBUG=1",
					"$(inherited)",
				);
				GCC_WARN_64_TO_32_BIT_CONVERSION = YES;
				GCC_WARN_ABOUT_RETURN_TYPE = YES_ERROR;
				GCC_WARN_UNDECLARED_SELECTOR = YES;
				GCC_WARN_UNINITIALIZED_AUTOS = YES_AGGRESSIVE;
				GCC_WARN_UNUSED_FUNCTION = YES;
				GCC_WARN_UNUSED_VARIABLE = YES;
				IPHONEOS_DEPLOYMENT_TARGET = 15.5;
				MTL_ENABLE_DEBUG_INFO = INCLUDE_SOURCE;
				MTL_FAST_MATH = YES;
				ONLY_ACTIVE_ARCH = YES;
				SDKROOT = iphoneos;
				SWIFT_ACTIVE_COMPILATION_CONDITIONS = DEBUG;
				SWIFT_OPTIMIZATION_LEVEL = "-Onone";
			};
			name = Debug;
		};
		015811B9286C538F00E0C28B /* Release */ = {
			isa = XCBuildConfiguration;
			buildSettings = {
				ALWAYS_SEARCH_USER_PATHS = NO;
				CLANG_ANALYZER_NONNULL = YES;
				CLANG_ANALYZER_NUMBER_OBJECT_CONVERSION = YES_AGGRESSIVE;
				CLANG_CXX_LANGUAGE_STANDARD = "gnu++17";
				CLANG_ENABLE_MODULES = YES;
				CLANG_ENABLE_OBJC_ARC = YES;
				CLANG_ENABLE_OBJC_WEAK = YES;
				CLANG_WARN_BLOCK_CAPTURE_AUTORELEASING = YES;
				CLANG_WARN_BOOL_CONVERSION = YES;
				CLANG_WARN_COMMA = YES;
				CLANG_WARN_CONSTANT_CONVERSION = YES;
				CLANG_WARN_DEPRECATED_OBJC_IMPLEMENTATIONS = YES;
				CLANG_WARN_DIRECT_OBJC_ISA_USAGE = YES_ERROR;
				CLANG_WARN_DOCUMENTATION_COMMENTS = YES;
				CLANG_WARN_EMPTY_BODY = YES;
				CLANG_WARN_ENUM_CONVERSION = YES;
				CLANG_WARN_INFINITE_RECURSION = YES;
				CLANG_WARN_INT_CONVERSION = YES;
				CLANG_WARN_NON_LITERAL_NULL_CONVERSION = YES;
				CLANG_WARN_OBJC_IMPLICIT_RETAIN_SELF = YES;
				CLANG_WARN_OBJC_LITERAL_CONVERSION = YES;
				CLANG_WARN_OBJC_ROOT_CLASS = YES_ERROR;
				CLANG_WARN_QUOTED_INCLUDE_IN_FRAMEWORK_HEADER = YES;
				CLANG_WARN_RANGE_LOOP_ANALYSIS = YES;
				CLANG_WARN_STRICT_PROTOTYPES = YES;
				CLANG_WARN_SUSPICIOUS_MOVE = YES;
				CLANG_WARN_UNGUARDED_AVAILABILITY = YES_AGGRESSIVE;
				CLANG_WARN_UNREACHABLE_CODE = YES;
				CLANG_WARN__DUPLICATE_METHOD_MATCH = YES;
				COPY_PHASE_STRIP = NO;
				DEBUG_INFORMATION_FORMAT = "dwarf-with-dsym";
				ENABLE_NS_ASSERTIONS = NO;
				ENABLE_STRICT_OBJC_MSGSEND = YES;
				GCC_C_LANGUAGE_STANDARD = gnu11;
				GCC_NO_COMMON_BLOCKS = YES;
				GCC_WARN_64_TO_32_BIT_CONVERSION = YES;
				GCC_WARN_ABOUT_RETURN_TYPE = YES_ERROR;
				GCC_WARN_UNDECLARED_SELECTOR = YES;
				GCC_WARN_UNINITIALIZED_AUTOS = YES_AGGRESSIVE;
				GCC_WARN_UNUSED_FUNCTION = YES;
				GCC_WARN_UNUSED_VARIABLE = YES;
				IPHONEOS_DEPLOYMENT_TARGET = 15.5;
				MTL_ENABLE_DEBUG_INFO = NO;
				MTL_FAST_MATH = YES;
				SDKROOT = iphoneos;
				SWIFT_COMPILATION_MODE = wholemodule;
				SWIFT_OPTIMIZATION_LEVEL = "-O";
				VALIDATE_PRODUCT = YES;
			};
			name = Release;
		};
		015811BB286C538F00E0C28B /* Debug */ = {
			isa = XCBuildConfiguration;
			baseConfigurationReference = A449AEDDE139B956E34EFFDA /* Pods-Flickrify.debug.xcconfig */;
			buildSettings = {
				ASSETCATALOG_COMPILER_APPICON_NAME = AppIcon;
				ASSETCATALOG_COMPILER_GLOBAL_ACCENT_COLOR_NAME = AccentColor;
				CODE_SIGN_STYLE = Automatic;
				CURRENT_PROJECT_VERSION = 1;
				GENERATE_INFOPLIST_FILE = YES;
				INFOPLIST_FILE = Flickrify/Info.plist;
				INFOPLIST_KEY_UIApplicationSupportsIndirectInputEvents = YES;
				INFOPLIST_KEY_UILaunchStoryboardName = LaunchScreen;
				INFOPLIST_KEY_UIMainStoryboardFile = Main;
				INFOPLIST_KEY_UISupportedInterfaceOrientations_iPad = "UIInterfaceOrientationPortrait UIInterfaceOrientationPortraitUpsideDown UIInterfaceOrientationLandscapeLeft UIInterfaceOrientationLandscapeRight";
				INFOPLIST_KEY_UISupportedInterfaceOrientations_iPhone = "UIInterfaceOrientationPortrait UIInterfaceOrientationLandscapeLeft UIInterfaceOrientationLandscapeRight";
				LD_RUNPATH_SEARCH_PATHS = (
					"$(inherited)",
					"@executable_path/Frameworks",
				);
				MARKETING_VERSION = 1.0;
				PRODUCT_BUNDLE_IDENTIFIER = com.siamak.Flickrify;
				PRODUCT_NAME = "$(TARGET_NAME)";
				SWIFT_EMIT_LOC_STRINGS = YES;
				SWIFT_VERSION = 5.0;
				TARGETED_DEVICE_FAMILY = "1,2";
			};
			name = Debug;
		};
		015811BC286C538F00E0C28B /* Release */ = {
			isa = XCBuildConfiguration;
			baseConfigurationReference = AF05A592F5D358616A4590FC /* Pods-Flickrify.release.xcconfig */;
			buildSettings = {
				ASSETCATALOG_COMPILER_APPICON_NAME = AppIcon;
				ASSETCATALOG_COMPILER_GLOBAL_ACCENT_COLOR_NAME = AccentColor;
				CODE_SIGN_STYLE = Automatic;
				CURRENT_PROJECT_VERSION = 1;
				GENERATE_INFOPLIST_FILE = YES;
				INFOPLIST_FILE = Flickrify/Info.plist;
				INFOPLIST_KEY_UIApplicationSupportsIndirectInputEvents = YES;
				INFOPLIST_KEY_UILaunchStoryboardName = LaunchScreen;
				INFOPLIST_KEY_UIMainStoryboardFile = Main;
				INFOPLIST_KEY_UISupportedInterfaceOrientations_iPad = "UIInterfaceOrientationPortrait UIInterfaceOrientationPortraitUpsideDown UIInterfaceOrientationLandscapeLeft UIInterfaceOrientationLandscapeRight";
				INFOPLIST_KEY_UISupportedInterfaceOrientations_iPhone = "UIInterfaceOrientationPortrait UIInterfaceOrientationLandscapeLeft UIInterfaceOrientationLandscapeRight";
				LD_RUNPATH_SEARCH_PATHS = (
					"$(inherited)",
					"@executable_path/Frameworks",
				);
				MARKETING_VERSION = 1.0;
				PRODUCT_BUNDLE_IDENTIFIER = com.siamak.Flickrify;
				PRODUCT_NAME = "$(TARGET_NAME)";
				SWIFT_EMIT_LOC_STRINGS = YES;
				SWIFT_VERSION = 5.0;
				TARGETED_DEVICE_FAMILY = "1,2";
			};
			name = Release;
		};
/* End XCBuildConfiguration section */

/* Begin XCConfigurationList section */
		015811A1286C538E00E0C28B /* Build configuration list for PBXProject "Flickrify" */ = {
			isa = XCConfigurationList;
			buildConfigurations = (
				015811B8286C538F00E0C28B /* Debug */,
				015811B9286C538F00E0C28B /* Release */,
			);
			defaultConfigurationIsVisible = 0;
			defaultConfigurationName = Release;
		};
		015811BA286C538F00E0C28B /* Build configuration list for PBXNativeTarget "Flickrify" */ = {
			isa = XCConfigurationList;
			buildConfigurations = (
				015811BB286C538F00E0C28B /* Debug */,
				015811BC286C538F00E0C28B /* Release */,
			);
			defaultConfigurationIsVisible = 0;
			defaultConfigurationName = Release;
		};
/* End XCConfigurationList section */
	};
	rootObject = 0158119E286C538E00E0C28B /* Project object */;
}
